{
  "pins" : [
    {
      "identity" : "harnesskit",
      "kind" : "remoteSourceControl",
      "location" : "https://github.com/SzpakKamil/HarnessKit.git",
      "state" : {
        "branch" : "1.0",
        "revision" : "1666e80132260feeba8f7cd8c85325c5f5f9ac2b"
      }
    }
  ],
  "version" : 2
}
